version: 2.0
shards:
  ameba:
    git: https://github.com/crystal-ameba/ameba.git
    version: 0.13.2

  aws-dynamodb:
    git: https://github.com/veelenga/aws-dynamodb.cr.git
    version: 0.1.0+git.commit.86fe031d76649e872770519c5cb9b27cce8970d3

  awscr-signer:
    git: https://github.com/taylorfinnell/awscr-signer.git
    version: 0.8.1

  crambda:
    git: https://github.com/lambci/crambda.git
    version: 0.2.0

